// !$*UTF8*$!
{
	archiveVersion = 1;
	classes = {
	};
	objectVersion = 46;
	objects = {

/* Begin PBXBuildFile section */
		E40D80601AD366AA00B0CADC /* DOCar.m in Sources */ = {isa = PBXBuildFile; fileRef = E40D805F1AD366AA00B0CADC /* DOCar.m */; };
		E40D80621AD3673400B0CADC /* ferrari.png in Resources */ = {isa = PBXBuildFile; fileRef = E40D80611AD3673400B0CADC /* ferrari.png */; };
		E40D80651AD42E9200B0CADC /* GesturesViewController.m in Sources */ = {isa = PBXBuildFile; fileRef = E40D80641AD42E9200B0CADC /* GesturesViewController.m */; };
		E421D20A1AB8785100FD28D8 /* DOBrandList.m in Sources */ = {isa = PBXBuildFile; fileRef = E421D2091AB8785100FD28D8 /* DOBrandList.m */; };
		E43BF6381AAF3E5500E31AA3 /* main.m in Sources */ = {isa = PBXBuildFile; fileRef = E43BF6371AAF3E5500E31AA3 /* main.m */; };
		E43BF63B1AAF3E5500E31AA3 /* AppDelegate.m in Sources */ = {isa = PBXBuildFile; fileRef = E43BF63A1AAF3E5500E31AA3 /* AppDelegate.m */; };
		E43BF63E1AAF3E5500E31AA3 /* LoginViewController.m in Sources */ = {isa = PBXBuildFile; fileRef = E43BF63D1AAF3E5500E31AA3 /* LoginViewController.m */; };
		E43BF6411AAF3E5500E31AA3 /* Main.storyboard in Resources */ = {isa = PBXBuildFile; fileRef = E43BF63F1AAF3E5500E31AA3 /* Main.storyboard */; };
		E43BF6431AAF3E5500E31AA3 /* Images.xcassets in Resources */ = {isa = PBXBuildFile; fileRef = E43BF6421AAF3E5500E31AA3 /* Images.xcassets */; };
		E43BF6461AAF3E5500E31AA3 /* LaunchScreen.xib in Resources */ = {isa = PBXBuildFile; fileRef = E43BF6441AAF3E5500E31AA3 /* LaunchScreen.xib */; };
		E43BF6521AAF3E5500E31AA3 /* DojoiOSTests.m in Sources */ = {isa = PBXBuildFile; fileRef = E43BF6511AAF3E5500E31AA3 /* DojoiOSTests.m */; };
		E43BF6601AAF43D500E31AA3 /* DOLogin.m in Sources */ = {isa = PBXBuildFile; fileRef = E43BF65F1AAF43D500E31AA3 /* DOLogin.m */; };
		E45078FB1ACAEC5600F60832 /* Brand.m in Sources */ = {isa = PBXBuildFile; fileRef = E45078FA1ACAEC5600F60832 /* Brand.m */; };
		E45078FE1ACAECD200F60832 /* Car.m in Sources */ = {isa = PBXBuildFile; fileRef = E45078FD1ACAECD200F60832 /* Car.m */; };
		E45079021ACAED8900F60832 /* BrandAcessor.m in Sources */ = {isa = PBXBuildFile; fileRef = E45079011ACAED8900F60832 /* BrandAcessor.m */; };
		E45079051ACAED9800F60832 /* CarAcessor.m in Sources */ = {isa = PBXBuildFile; fileRef = E45079041ACAED9800F60832 /* CarAcessor.m */; };
		E45079091ACAF73500F60832 /* CarService.m in Sources */ = {isa = PBXBuildFile; fileRef = E45079081ACAF73500F60832 /* CarService.m */; };
		E450790C1ACD8F9900F60832 /* CarsViewController.m in Sources */ = {isa = PBXBuildFile; fileRef = E450790B1ACD8F9900F60832 /* CarsViewController.m */; };
		E45079101ACDA04C00F60832 /* CarCustomCell.m in Sources */ = {isa = PBXBuildFile; fileRef = E450790E1ACDA04C00F60832 /* CarCustomCell.m */; };
		E45079111ACDA04C00F60832 /* CarCustomCell.xib in Resources */ = {isa = PBXBuildFile; fileRef = E450790F1ACDA04C00F60832 /* CarCustomCell.xib */; };
		E455BE741AD6CF0700019BC1 /* AddBrandViewController.m in Sources */ = {isa = PBXBuildFile; fileRef = E455BE721AD6CF0700019BC1 /* AddBrandViewController.m */; };
		E455BE751AD6CF0700019BC1 /* AddBrandViewController.xib in Resources */ = {isa = PBXBuildFile; fileRef = E455BE731AD6CF0700019BC1 /* AddBrandViewController.xib */; };
		E455BE781AD6D0F400019BC1 /* DOAddBrand.m in Sources */ = {isa = PBXBuildFile; fileRef = E455BE771AD6D0F400019BC1 /* DOAddBrand.m */; };
		E45A4D6A1AB1E69B002676B7 /* BrandListViewController.m in Sources */ = {isa = PBXBuildFile; fileRef = E45A4D691AB1E69B002676B7 /* BrandListViewController.m */; };
		E464FF391ADD6F5200C3A0EE /* Localizable.strings in Resources */ = {isa = PBXBuildFile; fileRef = E464FF3B1ADD6F5200C3A0EE /* Localizable.strings */; };
		E472BCC31ADC8C58005CB47D /* DOProgressView.m in Sources */ = {isa = PBXBuildFile; fileRef = E472BCC21ADC8C58005CB47D /* DOProgressView.m */; };
		E472BCC71ADC8CC3005CB47D /* ProgressViewController.m in Sources */ = {isa = PBXBuildFile; fileRef = E472BCC41ADC8CC3005CB47D /* ProgressViewController.m */; };
		E472BCC81ADC8CC3005CB47D /* ProgressViewController.xib in Resources */ = {isa = PBXBuildFile; fileRef = E472BCC61ADC8CC3005CB47D /* ProgressViewController.xib */; };
		E472BCD51ADCB701005CB47D /* DownloadViewController.m in Sources */ = {isa = PBXBuildFile; fileRef = E472BCD41ADCB701005CB47D /* DownloadViewController.m */; };
		E472BCDA1ADCB853005CB47D /* DODownload.m in Sources */ = {isa = PBXBuildFile; fileRef = E472BCD91ADCB853005CB47D /* DODownload.m */; };
		E4F53C061AC1B2E6000F7370 /* HomeCustomCell.m in Sources */ = {isa = PBXBuildFile; fileRef = E4F53C041AC1B2E6000F7370 /* HomeCustomCell.m */; };
		E4F53C071AC1B2E6000F7370 /* HomeCustomCell.xib in Resources */ = {isa = PBXBuildFile; fileRef = E4F53C051AC1B2E6000F7370 /* HomeCustomCell.xib */; };
		E4F53C161AC1B426000F7370 /* car-0.jpg in Resources */ = {isa = PBXBuildFile; fileRef = E4F53C0B1AC1B426000F7370 /* car-0.jpg */; };
		E4F53C171AC1B426000F7370 /* car-1.jpg in Resources */ = {isa = PBXBuildFile; fileRef = E4F53C0C1AC1B426000F7370 /* car-1.jpg */; };
		E4F53C181AC1B426000F7370 /* car-10.jpg in Resources */ = {isa = PBXBuildFile; fileRef = E4F53C0D1AC1B426000F7370 /* car-10.jpg */; };
		E4F53C191AC1B426000F7370 /* car-11.jpg in Resources */ = {isa = PBXBuildFile; fileRef = E4F53C0E1AC1B426000F7370 /* car-11.jpg */; };
		E4F53C1A1AC1B426000F7370 /* car-2.jpg in Resources */ = {isa = PBXBuildFile; fileRef = E4F53C0F1AC1B426000F7370 /* car-2.jpg */; };
		E4F53C1B1AC1B426000F7370 /* car-3.jpg in Resources */ = {isa = PBXBuildFile; fileRef = E4F53C101AC1B426000F7370 /* car-3.jpg */; };
		E4F53C1C1AC1B426000F7370 /* car-4.jpg in Resources */ = {isa = PBXBuildFile; fileRef = E4F53C111AC1B426000F7370 /* car-4.jpg */; };
		E4F53C1D1AC1B426000F7370 /* car-5.jpg in Resources */ = {isa = PBXBuildFile; fileRef = E4F53C121AC1B426000F7370 /* car-5.jpg */; };
		E4F53C1E1AC1B426000F7370 /* car-6.jpg in Resources */ = {isa = PBXBuildFile; fileRef = E4F53C131AC1B426000F7370 /* car-6.jpg */; };
		E4F53C1F1AC1B426000F7370 /* car-7.jpg in Resources */ = {isa = PBXBuildFile; fileRef = E4F53C141AC1B426000F7370 /* car-7.jpg */; };
		E4F53C201AC1B426000F7370 /* car-9.jpg in Resources */ = {isa = PBXBuildFile; fileRef = E4F53C151AC1B426000F7370 /* car-9.jpg */; };
		E4F53C231AC1B8EB000F7370 /* libsqlite3.dylib in Frameworks */ = {isa = PBXBuildFile; fileRef = E4F53C221AC1B8EB000F7370 /* libsqlite3.dylib */; };
		E4F53C271AC1B90E000F7370 /* DBManager.m in Sources */ = {isa = PBXBuildFile; fileRef = E4F53C261AC1B90E000F7370 /* DBManager.m */; };
		E4F59B501AC1BB4A000F7370 /* Script.sql in Resources */ = {isa = PBXBuildFile; fileRef = E4F59B4F1AC1BB4A000F7370 /* Script.sql */; };
/* End PBXBuildFile section */

/* Begin PBXContainerItemProxy section */
		E43BF64C1AAF3E5500E31AA3 /* PBXContainerItemProxy */ = {
			isa = PBXContainerItemProxy;
			containerPortal = E43BF62A1AAF3E5500E31AA3 /* Project object */;
			proxyType = 1;
			remoteGlobalIDString = E43BF6311AAF3E5500E31AA3;
			remoteInfo = DojoiOS;
		};
/* End PBXContainerItemProxy section */

/* Begin PBXFileReference section */
		E40D805E1AD366AA00B0CADC /* DOCar.h */ = {isa = PBXFileReference; fileEncoding = 4; lastKnownFileType = sourcecode.c.h; path = DOCar.h; sourceTree = "<group>"; };
		E40D805F1AD366AA00B0CADC /* DOCar.m */ = {isa = PBXFileReference; fileEncoding = 4; lastKnownFileType = sourcecode.c.objc; path = DOCar.m; sourceTree = "<group>"; };
		E40D80611AD3673400B0CADC /* ferrari.png */ = {isa = PBXFileReference; lastKnownFileType = image.png; path = ferrari.png; sourceTree = "<group>"; };
		E40D80631AD42E9200B0CADC /* GesturesViewController.h */ = {isa = PBXFileReference; fileEncoding = 4; lastKnownFileType = sourcecode.c.h; path = GesturesViewController.h; sourceTree = "<group>"; };
		E40D80641AD42E9200B0CADC /* GesturesViewController.m */ = {isa = PBXFileReference; fileEncoding = 4; lastKnownFileType = sourcecode.c.objc; path = GesturesViewController.m; sourceTree = "<group>"; };
		E421D2081AB8785100FD28D8 /* DOBrandList.h */ = {isa = PBXFileReference; fileEncoding = 4; lastKnownFileType = sourcecode.c.h; path = DOBrandList.h; sourceTree = "<group>"; };
		E421D2091AB8785100FD28D8 /* DOBrandList.m */ = {isa = PBXFileReference; fileEncoding = 4; lastKnownFileType = sourcecode.c.objc; path = DOBrandList.m; sourceTree = "<group>"; };
		E43BF6321AAF3E5500E31AA3 /* DojoiOS.app */ = {isa = PBXFileReference; explicitFileType = wrapper.application; includeInIndex = 0; path = DojoiOS.app; sourceTree = BUILT_PRODUCTS_DIR; };
		E43BF6361AAF3E5500E31AA3 /* Info.plist */ = {isa = PBXFileReference; lastKnownFileType = text.plist.xml; path = Info.plist; sourceTree = "<group>"; };
		E43BF6371AAF3E5500E31AA3 /* main.m */ = {isa = PBXFileReference; lastKnownFileType = sourcecode.c.objc; path = main.m; sourceTree = "<group>"; };
		E43BF6391AAF3E5500E31AA3 /* AppDelegate.h */ = {isa = PBXFileReference; lastKnownFileType = sourcecode.c.h; path = AppDelegate.h; sourceTree = "<group>"; };
		E43BF63A1AAF3E5500E31AA3 /* AppDelegate.m */ = {isa = PBXFileReference; lastKnownFileType = sourcecode.c.objc; path = AppDelegate.m; sourceTree = "<group>"; };
		E43BF63C1AAF3E5500E31AA3 /* LoginViewController.h */ = {isa = PBXFileReference; lastKnownFileType = sourcecode.c.h; path = LoginViewController.h; sourceTree = "<group>"; };
		E43BF63D1AAF3E5500E31AA3 /* LoginViewController.m */ = {isa = PBXFileReference; lastKnownFileType = sourcecode.c.objc; path = LoginViewController.m; sourceTree = "<group>"; };
		E43BF6401AAF3E5500E31AA3 /* Base */ = {isa = PBXFileReference; lastKnownFileType = file.storyboard; name = Base; path = Base.lproj/Main.storyboard; sourceTree = "<group>"; };
		E43BF6421AAF3E5500E31AA3 /* Images.xcassets */ = {isa = PBXFileReference; lastKnownFileType = folder.assetcatalog; path = Images.xcassets; sourceTree = "<group>"; };
		E43BF6451AAF3E5500E31AA3 /* Base */ = {isa = PBXFileReference; lastKnownFileType = file.xib; name = Base; path = Base.lproj/LaunchScreen.xib; sourceTree = "<group>"; };
		E43BF64B1AAF3E5500E31AA3 /* DojoiOSTests.xctest */ = {isa = PBXFileReference; explicitFileType = wrapper.cfbundle; includeInIndex = 0; path = DojoiOSTests.xctest; sourceTree = BUILT_PRODUCTS_DIR; };
		E43BF6501AAF3E5500E31AA3 /* Info.plist */ = {isa = PBXFileReference; lastKnownFileType = text.plist.xml; path = Info.plist; sourceTree = "<group>"; };
		E43BF6511AAF3E5500E31AA3 /* DojoiOSTests.m */ = {isa = PBXFileReference; lastKnownFileType = sourcecode.c.objc; path = DojoiOSTests.m; sourceTree = "<group>"; };
		E43BF65E1AAF43D500E31AA3 /* DOLogin.h */ = {isa = PBXFileReference; fileEncoding = 4; lastKnownFileType = sourcecode.c.h; path = DOLogin.h; sourceTree = "<group>"; };
		E43BF65F1AAF43D500E31AA3 /* DOLogin.m */ = {isa = PBXFileReference; fileEncoding = 4; lastKnownFileType = sourcecode.c.objc; path = DOLogin.m; sourceTree = "<group>"; };
		E45078F91ACAEC5600F60832 /* Brand.h */ = {isa = PBXFileReference; fileEncoding = 4; lastKnownFileType = sourcecode.c.h; path = Brand.h; sourceTree = "<group>"; };
		E45078FA1ACAEC5600F60832 /* Brand.m */ = {isa = PBXFileReference; fileEncoding = 4; lastKnownFileType = sourcecode.c.objc; path = Brand.m; sourceTree = "<group>"; };
		E45078FC1ACAECD200F60832 /* Car.h */ = {isa = PBXFileReference; fileEncoding = 4; lastKnownFileType = sourcecode.c.h; path = Car.h; sourceTree = "<group>"; };
		E45078FD1ACAECD200F60832 /* Car.m */ = {isa = PBXFileReference; fileEncoding = 4; lastKnownFileType = sourcecode.c.objc; path = Car.m; sourceTree = "<group>"; };
		E45079001ACAED8900F60832 /* BrandAcessor.h */ = {isa = PBXFileReference; fileEncoding = 4; lastKnownFileType = sourcecode.c.h; path = BrandAcessor.h; sourceTree = "<group>"; };
		E45079011ACAED8900F60832 /* BrandAcessor.m */ = {isa = PBXFileReference; fileEncoding = 4; lastKnownFileType = sourcecode.c.objc; path = BrandAcessor.m; sourceTree = "<group>"; };
		E45079031ACAED9800F60832 /* CarAcessor.h */ = {isa = PBXFileReference; fileEncoding = 4; lastKnownFileType = sourcecode.c.h; path = CarAcessor.h; sourceTree = "<group>"; };
		E45079041ACAED9800F60832 /* CarAcessor.m */ = {isa = PBXFileReference; fileEncoding = 4; lastKnownFileType = sourcecode.c.objc; path = CarAcessor.m; sourceTree = "<group>"; };
		E45079071ACAF73500F60832 /* CarService.h */ = {isa = PBXFileReference; fileEncoding = 4; lastKnownFileType = sourcecode.c.h; path = CarService.h; sourceTree = "<group>"; };
		E45079081ACAF73500F60832 /* CarService.m */ = {isa = PBXFileReference; fileEncoding = 4; lastKnownFileType = sourcecode.c.objc; path = CarService.m; sourceTree = "<group>"; };
		E450790A1ACD8F9900F60832 /* CarsViewController.h */ = {isa = PBXFileReference; fileEncoding = 4; lastKnownFileType = sourcecode.c.h; path = CarsViewController.h; sourceTree = "<group>"; };
		E450790B1ACD8F9900F60832 /* CarsViewController.m */ = {isa = PBXFileReference; fileEncoding = 4; lastKnownFileType = sourcecode.c.objc; path = CarsViewController.m; sourceTree = "<group>"; };
		E450790D1ACDA04C00F60832 /* CarCustomCell.h */ = {isa = PBXFileReference; fileEncoding = 4; lastKnownFileType = sourcecode.c.h; path = CarCustomCell.h; sourceTree = "<group>"; };
		E450790E1ACDA04C00F60832 /* CarCustomCell.m */ = {isa = PBXFileReference; fileEncoding = 4; lastKnownFileType = sourcecode.c.objc; path = CarCustomCell.m; sourceTree = "<group>"; };
		E450790F1ACDA04C00F60832 /* CarCustomCell.xib */ = {isa = PBXFileReference; fileEncoding = 4; lastKnownFileType = file.xib; path = CarCustomCell.xib; sourceTree = "<group>"; };
		E455BE711AD6CF0700019BC1 /* AddBrandViewController.h */ = {isa = PBXFileReference; fileEncoding = 4; lastKnownFileType = sourcecode.c.h; path = AddBrandViewController.h; sourceTree = "<group>"; };
		E455BE721AD6CF0700019BC1 /* AddBrandViewController.m */ = {isa = PBXFileReference; fileEncoding = 4; lastKnownFileType = sourcecode.c.objc; path = AddBrandViewController.m; sourceTree = "<group>"; };
		E455BE731AD6CF0700019BC1 /* AddBrandViewController.xib */ = {isa = PBXFileReference; fileEncoding = 4; lastKnownFileType = file.xib; path = AddBrandViewController.xib; sourceTree = "<group>"; };
		E455BE761AD6D0F400019BC1 /* DOAddBrand.h */ = {isa = PBXFileReference; fileEncoding = 4; lastKnownFileType = sourcecode.c.h; path = DOAddBrand.h; sourceTree = "<group>"; };
		E455BE771AD6D0F400019BC1 /* DOAddBrand.m */ = {isa = PBXFileReference; fileEncoding = 4; lastKnownFileType = sourcecode.c.objc; path = DOAddBrand.m; sourceTree = "<group>"; };
		E45A4D681AB1E69B002676B7 /* BrandListViewController.h */ = {isa = PBXFileReference; fileEncoding = 4; lastKnownFileType = sourcecode.c.h; path = BrandListViewController.h; sourceTree = "<group>"; };
		E45A4D691AB1E69B002676B7 /* BrandListViewController.m */ = {isa = PBXFileReference; fileEncoding = 4; lastKnownFileType = sourcecode.c.objc; path = BrandListViewController.m; sourceTree = "<group>"; };
		E464FF341ADD6DE500C3A0EE /* pt */ = {isa = PBXFileReference; lastKnownFileType = text.plist.strings; name = pt; path = pt.lproj/LaunchScreen.strings; sourceTree = "<group>"; };
		E464FF361ADD6E9500C3A0EE /* de */ = {isa = PBXFileReference; lastKnownFileType = text.plist.strings; name = de; path = de.lproj/LaunchScreen.strings; sourceTree = "<group>"; };
		E464FF3A1ADD6F5200C3A0EE /* de */ = {isa = PBXFileReference; explicitFileType = text.plist.strings; name = de; path = de.lproj/Localizable.strings; sourceTree = "<group>"; };
		E472BCC11ADC8C58005CB47D /* DOProgressView.h */ = {isa = PBXFileReference; fileEncoding = 4; lastKnownFileType = sourcecode.c.h; path = DOProgressView.h; sourceTree = "<group>"; };
		E472BCC21ADC8C58005CB47D /* DOProgressView.m */ = {isa = PBXFileReference; fileEncoding = 4; lastKnownFileType = sourcecode.c.objc; path = DOProgressView.m; sourceTree = "<group>"; };
		E472BCC41ADC8CC3005CB47D /* ProgressViewController.m */ = {isa = PBXFileReference; fileEncoding = 4; lastKnownFileType = sourcecode.c.objc; path = ProgressViewController.m; sourceTree = "<group>"; };
		E472BCC51ADC8CC3005CB47D /* ProgressViewController.h */ = {isa = PBXFileReference; fileEncoding = 4; lastKnownFileType = sourcecode.c.h; path = ProgressViewController.h; sourceTree = "<group>"; };
		E472BCC61ADC8CC3005CB47D /* ProgressViewController.xib */ = {isa = PBXFileReference; fileEncoding = 4; lastKnownFileType = file.xib; path = ProgressViewController.xib; sourceTree = "<group>"; };
		E472BCD31ADCB701005CB47D /* DownloadViewController.h */ = {isa = PBXFileReference; fileEncoding = 4; lastKnownFileType = sourcecode.c.h; path = DownloadViewController.h; sourceTree = "<group>"; };
		E472BCD41ADCB701005CB47D /* DownloadViewController.m */ = {isa = PBXFileReference; fileEncoding = 4; lastKnownFileType = sourcecode.c.objc; path = DownloadViewController.m; sourceTree = "<group>"; };
		E472BCD81ADCB853005CB47D /* DODownload.h */ = {isa = PBXFileReference; fileEncoding = 4; lastKnownFileType = sourcecode.c.h; path = DODownload.h; sourceTree = "<group>"; };
		E472BCD91ADCB853005CB47D /* DODownload.m */ = {isa = PBXFileReference; fileEncoding = 4; lastKnownFileType = sourcecode.c.objc; path = DODownload.m; sourceTree = "<group>"; };
		E4F53C031AC1B2E6000F7370 /* HomeCustomCell.h */ = {isa = PBXFileReference; fileEncoding = 4; lastKnownFileType = sourcecode.c.h; path = HomeCustomCell.h; sourceTree = "<group>"; };
		E4F53C041AC1B2E6000F7370 /* HomeCustomCell.m */ = {isa = PBXFileReference; fileEncoding = 4; lastKnownFileType = sourcecode.c.objc; path = HomeCustomCell.m; sourceTree = "<group>"; };
		E4F53C051AC1B2E6000F7370 /* HomeCustomCell.xib */ = {isa = PBXFileReference; fileEncoding = 4; lastKnownFileType = file.xib; path = HomeCustomCell.xib; sourceTree = "<group>"; };
		E4F53C0B1AC1B426000F7370 /* car-0.jpg */ = {isa = PBXFileReference; lastKnownFileType = image.jpeg; path = "car-0.jpg"; sourceTree = "<group>"; };
		E4F53C0C1AC1B426000F7370 /* car-1.jpg */ = {isa = PBXFileReference; lastKnownFileType = image.jpeg; path = "car-1.jpg"; sourceTree = "<group>"; };
		E4F53C0D1AC1B426000F7370 /* car-10.jpg */ = {isa = PBXFileReference; lastKnownFileType = image.jpeg; path = "car-10.jpg"; sourceTree = "<group>"; };
		E4F53C0E1AC1B426000F7370 /* car-11.jpg */ = {isa = PBXFileReference; lastKnownFileType = image.jpeg; path = "car-11.jpg"; sourceTree = "<group>"; };
		E4F53C0F1AC1B426000F7370 /* car-2.jpg */ = {isa = PBXFileReference; lastKnownFileType = image.jpeg; path = "car-2.jpg"; sourceTree = "<group>"; };
		E4F53C101AC1B426000F7370 /* car-3.jpg */ = {isa = PBXFileReference; lastKnownFileType = image.jpeg; path = "car-3.jpg"; sourceTree = "<group>"; };
		E4F53C111AC1B426000F7370 /* car-4.jpg */ = {isa = PBXFileReference; lastKnownFileType = image.jpeg; path = "car-4.jpg"; sourceTree = "<group>"; };
		E4F53C121AC1B426000F7370 /* car-5.jpg */ = {isa = PBXFileReference; lastKnownFileType = image.jpeg; path = "car-5.jpg"; sourceTree = "<group>"; };
		E4F53C131AC1B426000F7370 /* car-6.jpg */ = {isa = PBXFileReference; lastKnownFileType = image.jpeg; path = "car-6.jpg"; sourceTree = "<group>"; };
		E4F53C141AC1B426000F7370 /* car-7.jpg */ = {isa = PBXFileReference; lastKnownFileType = image.jpeg; path = "car-7.jpg"; sourceTree = "<group>"; };
		E4F53C151AC1B426000F7370 /* car-9.jpg */ = {isa = PBXFileReference; lastKnownFileType = image.jpeg; path = "car-9.jpg"; sourceTree = "<group>"; };
		E4F53C221AC1B8EB000F7370 /* libsqlite3.dylib */ = {isa = PBXFileReference; lastKnownFileType = "compiled.mach-o.dylib"; name = libsqlite3.dylib; path = usr/lib/libsqlite3.dylib; sourceTree = SDKROOT; };
		E4F53C251AC1B90E000F7370 /* DBManager.h */ = {isa = PBXFileReference; fileEncoding = 4; lastKnownFileType = sourcecode.c.h; path = DBManager.h; sourceTree = "<group>"; };
		E4F53C261AC1B90E000F7370 /* DBManager.m */ = {isa = PBXFileReference; fileEncoding = 4; lastKnownFileType = sourcecode.c.objc; path = DBManager.m; sourceTree = "<group>"; };
		E4F59B4F1AC1BB4A000F7370 /* Script.sql */ = {isa = PBXFileReference; fileEncoding = 4; lastKnownFileType = text; path = Script.sql; sourceTree = "<group>"; };
/* End PBXFileReference section */

/* Begin PBXFrameworksBuildPhase section */
		E43BF62F1AAF3E5500E31AA3 /* Frameworks */ = {
			isa = PBXFrameworksBuildPhase;
			buildActionMask = 2147483647;
			files = (
				E4F53C231AC1B8EB000F7370 /* libsqlite3.dylib in Frameworks */,
			);
			runOnlyForDeploymentPostprocessing = 0;
		};
		E43BF6481AAF3E5500E31AA3 /* Frameworks */ = {
			isa = PBXFrameworksBuildPhase;
			buildActionMask = 2147483647;
			files = (
			);
			runOnlyForDeploymentPostprocessing = 0;
		};
/* End PBXFrameworksBuildPhase section */

/* Begin PBXGroup section */
		E43BF6291AAF3E5500E31AA3 = {
			isa = PBXGroup;
			children = (
				E4F53C241AC1B8F0000F7370 /* Frameworks */,
				E43BF6341AAF3E5500E31AA3 /* DojoiOS */,
				E43BF64E1AAF3E5500E31AA3 /* DojoiOSTests */,
				E43BF6331AAF3E5500E31AA3 /* Products */,
				E4F53C081AC1B40B000F7370 /* Resources */,
			);
			sourceTree = "<group>";
		};
		E43BF6331AAF3E5500E31AA3 /* Products */ = {
			isa = PBXGroup;
			children = (
				E43BF6321AAF3E5500E31AA3 /* DojoiOS.app */,
				E43BF64B1AAF3E5500E31AA3 /* DojoiOSTests.xctest */,
			);
			name = Products;
			sourceTree = "<group>";
		};
		E43BF6341AAF3E5500E31AA3 /* DojoiOS */ = {
			isa = PBXGroup;
			children = (
				E45079061ACAF70600F60832 /* services */,
				E4F53C211AC1B893000F7370 /* database */,
				E43BF65D1AAF41D100E31AA3 /* controller */,
				E43BF65C1AAF418600E31AA3 /* view */,
				E43BF65B1AAF417A00E31AA3 /* model */,
				E43BF6391AAF3E5500E31AA3 /* AppDelegate.h */,
				E43BF63A1AAF3E5500E31AA3 /* AppDelegate.m */,
				E43BF63F1AAF3E5500E31AA3 /* Main.storyboard */,
				E43BF6421AAF3E5500E31AA3 /* Images.xcassets */,
				E43BF6441AAF3E5500E31AA3 /* LaunchScreen.xib */,
				E43BF6351AAF3E5500E31AA3 /* Supporting Files */,
			);
			path = DojoiOS;
			sourceTree = "<group>";
		};
		E43BF6351AAF3E5500E31AA3 /* Supporting Files */ = {
			isa = PBXGroup;
			children = (
				E43BF6361AAF3E5500E31AA3 /* Info.plist */,
				E43BF6371AAF3E5500E31AA3 /* main.m */,
			);
			name = "Supporting Files";
			sourceTree = "<group>";
		};
		E43BF64E1AAF3E5500E31AA3 /* DojoiOSTests */ = {
			isa = PBXGroup;
			children = (
				E43BF6511AAF3E5500E31AA3 /* DojoiOSTests.m */,
				E43BF64F1AAF3E5500E31AA3 /* Supporting Files */,
			);
			path = DojoiOSTests;
			sourceTree = "<group>";
		};
		E43BF64F1AAF3E5500E31AA3 /* Supporting Files */ = {
			isa = PBXGroup;
			children = (
				E43BF6501AAF3E5500E31AA3 /* Info.plist */,
			);
			name = "Supporting Files";
			sourceTree = "<group>";
		};
		E43BF65B1AAF417A00E31AA3 /* model */ = {
			isa = PBXGroup;
			children = (
				E45078F91ACAEC5600F60832 /* Brand.h */,
				E45078FA1ACAEC5600F60832 /* Brand.m */,
				E45078FC1ACAECD200F60832 /* Car.h */,
				E45078FD1ACAECD200F60832 /* Car.m */,
			);
			name = model;
			sourceTree = "<group>";
		};
		E43BF65C1AAF418600E31AA3 /* view */ = {
			isa = PBXGroup;
			children = (
				E472BCD61ADCB81D005CB47D /* Download */,
				E472BCD21ADC8DE0005CB47D /* Car */,
				E472BCD01ADC8D9E005CB47D /* Brand */,
				E472BCCF1ADC8D98005CB47D /* Login */,
				E472BCCE1ADC8D91005CB47D /* Progress */,
				E4F53C021AC1B2A5000F7370 /* CustomCell */,
			);
			name = view;
			sourceTree = "<group>";
		};
		E43BF65D1AAF41D100E31AA3 /* controller */ = {
			isa = PBXGroup;
			children = (
				E472BCD71ADCB822005CB47D /* Download */,
				E472BCCD1ADC8D43005CB47D /* Gestures */,
				E472BCCC1ADC8D3B005CB47D /* Login */,
				E472BCCB1ADC8D16005CB47D /* Progress */,
				E472BCCA1ADC8D0F005CB47D /* Car */,
				E472BCC91ADC8D03005CB47D /* Brand */,
			);
			name = controller;
			sourceTree = "<group>";
		};
		E45078FF1ACAED6000F60832 /* acessor */ = {
			isa = PBXGroup;
			children = (
				E45079001ACAED8900F60832 /* BrandAcessor.h */,
				E45079011ACAED8900F60832 /* BrandAcessor.m */,
				E45079031ACAED9800F60832 /* CarAcessor.h */,
				E45079041ACAED9800F60832 /* CarAcessor.m */,
			);
			name = acessor;
			sourceTree = "<group>";
		};
		E45079061ACAF70600F60832 /* services */ = {
			isa = PBXGroup;
			children = (
				E45079071ACAF73500F60832 /* CarService.h */,
				E45079081ACAF73500F60832 /* CarService.m */,
			);
			name = services;
			sourceTree = "<group>";
		};
		E472BCC91ADC8D03005CB47D /* Brand */ = {
			isa = PBXGroup;
			children = (
				E45A4D681AB1E69B002676B7 /* BrandListViewController.h */,
				E45A4D691AB1E69B002676B7 /* BrandListViewController.m */,
				E455BE711AD6CF0700019BC1 /* AddBrandViewController.h */,
				E455BE721AD6CF0700019BC1 /* AddBrandViewController.m */,
				E455BE731AD6CF0700019BC1 /* AddBrandViewController.xib */,
			);
			name = Brand;
			sourceTree = "<group>";
		};
		E472BCCA1ADC8D0F005CB47D /* Car */ = {
			isa = PBXGroup;
			children = (
				E450790A1ACD8F9900F60832 /* CarsViewController.h */,
				E450790B1ACD8F9900F60832 /* CarsViewController.m */,
			);
			name = Car;
			sourceTree = "<group>";
		};
		E472BCCB1ADC8D16005CB47D /* Progress */ = {
			isa = PBXGroup;
			children = (
				E472BCC51ADC8CC3005CB47D /* ProgressViewController.h */,
				E472BCC41ADC8CC3005CB47D /* ProgressViewController.m */,
				E472BCC61ADC8CC3005CB47D /* ProgressViewController.xib */,
			);
			name = Progress;
			sourceTree = "<group>";
		};
		E472BCCC1ADC8D3B005CB47D /* Login */ = {
			isa = PBXGroup;
			children = (
				E43BF63C1AAF3E5500E31AA3 /* LoginViewController.h */,
				E43BF63D1AAF3E5500E31AA3 /* LoginViewController.m */,
			);
			name = Login;
			sourceTree = "<group>";
		};
		E472BCCD1ADC8D43005CB47D /* Gestures */ = {
			isa = PBXGroup;
			children = (
				E40D80631AD42E9200B0CADC /* GesturesViewController.h */,
				E40D80641AD42E9200B0CADC /* GesturesViewController.m */,
			);
			name = Gestures;
			sourceTree = "<group>";
		};
		E472BCCE1ADC8D91005CB47D /* Progress */ = {
			isa = PBXGroup;
			children = (
				E472BCC11ADC8C58005CB47D /* DOProgressView.h */,
				E472BCC21ADC8C58005CB47D /* DOProgressView.m */,
			);
			name = Progress;
			sourceTree = "<group>";
		};
		E472BCCF1ADC8D98005CB47D /* Login */ = {
			isa = PBXGroup;
			children = (
				E43BF65E1AAF43D500E31AA3 /* DOLogin.h */,
				E43BF65F1AAF43D500E31AA3 /* DOLogin.m */,
			);
			name = Login;
			sourceTree = "<group>";
		};
		E472BCD01ADC8D9E005CB47D /* Brand */ = {
			isa = PBXGroup;
			children = (
				E421D2081AB8785100FD28D8 /* DOBrandList.h */,
				E421D2091AB8785100FD28D8 /* DOBrandList.m */,
				E455BE761AD6D0F400019BC1 /* DOAddBrand.h */,
				E455BE771AD6D0F400019BC1 /* DOAddBrand.m */,
			);
			name = Brand;
			sourceTree = "<group>";
		};
		E472BCD21ADC8DE0005CB47D /* Car */ = {
			isa = PBXGroup;
			children = (
				E40D805E1AD366AA00B0CADC /* DOCar.h */,
				E40D805F1AD366AA00B0CADC /* DOCar.m */,
			);
			name = Car;
			sourceTree = "<group>";
		};
		E472BCD61ADCB81D005CB47D /* Download */ = {
			isa = PBXGroup;
			children = (
				E472BCD81ADCB853005CB47D /* DODownload.h */,
				E472BCD91ADCB853005CB47D /* DODownload.m */,
			);
			name = Download;
			sourceTree = "<group>";
		};
		E472BCD71ADCB822005CB47D /* Download */ = {
			isa = PBXGroup;
			children = (
				E472BCD31ADCB701005CB47D /* DownloadViewController.h */,
				E472BCD41ADCB701005CB47D /* DownloadViewController.m */,
			);
			name = Download;
			sourceTree = "<group>";
		};
		E4F53C021AC1B2A5000F7370 /* CustomCell */ = {
			isa = PBXGroup;
			children = (
				E4F53C031AC1B2E6000F7370 /* HomeCustomCell.h */,
				E4F53C041AC1B2E6000F7370 /* HomeCustomCell.m */,
				E4F53C051AC1B2E6000F7370 /* HomeCustomCell.xib */,
				E450790D1ACDA04C00F60832 /* CarCustomCell.h */,
				E450790E1ACDA04C00F60832 /* CarCustomCell.m */,
				E450790F1ACDA04C00F60832 /* CarCustomCell.xib */,
			);
			name = CustomCell;
			sourceTree = "<group>";
		};
		E4F53C081AC1B40B000F7370 /* Resources */ = {
			isa = PBXGroup;
			children = (
				E4F53C281AC1B9D4000F7370 /* Data */,
				E4F53C0A1AC1B426000F7370 /* images */,
				E464FF3B1ADD6F5200C3A0EE /* Localizable.strings */,
			);
			name = Resources;
			path = DojoiOS;
			sourceTree = "<group>";
		};
		E4F53C0A1AC1B426000F7370 /* images */ = {
			isa = PBXGroup;
			children = (
				E40D80611AD3673400B0CADC /* ferrari.png */,
				E4F53C0B1AC1B426000F7370 /* car-0.jpg */,
				E4F53C0C1AC1B426000F7370 /* car-1.jpg */,
				E4F53C0D1AC1B426000F7370 /* car-10.jpg */,
				E4F53C0E1AC1B426000F7370 /* car-11.jpg */,
				E4F53C0F1AC1B426000F7370 /* car-2.jpg */,
				E4F53C101AC1B426000F7370 /* car-3.jpg */,
				E4F53C111AC1B426000F7370 /* car-4.jpg */,
				E4F53C121AC1B426000F7370 /* car-5.jpg */,
				E4F53C131AC1B426000F7370 /* car-6.jpg */,
				E4F53C141AC1B426000F7370 /* car-7.jpg */,
				E4F53C151AC1B426000F7370 /* car-9.jpg */,
			);
			name = images;
			path = ../../../images;
			sourceTree = "<group>";
		};
		E4F53C211AC1B893000F7370 /* database */ = {
			isa = PBXGroup;
			children = (
				E45078FF1ACAED6000F60832 /* acessor */,
				E4F53C251AC1B90E000F7370 /* DBManager.h */,
				E4F53C261AC1B90E000F7370 /* DBManager.m */,
			);
			name = database;
			sourceTree = "<group>";
		};
		E4F53C241AC1B8F0000F7370 /* Frameworks */ = {
			isa = PBXGroup;
			children = (
				E4F53C221AC1B8EB000F7370 /* libsqlite3.dylib */,
			);
			name = Frameworks;
			sourceTree = "<group>";
		};
		E4F53C281AC1B9D4000F7370 /* Data */ = {
			isa = PBXGroup;
			children = (
				E4F59B4F1AC1BB4A000F7370 /* Script.sql */,
			);
			name = Data;
			sourceTree = "<group>";
		};
/* End PBXGroup section */

/* Begin PBXNativeTarget section */
		E43BF6311AAF3E5500E31AA3 /* DojoiOS */ = {
			isa = PBXNativeTarget;
			buildConfigurationList = E43BF6551AAF3E5500E31AA3 /* Build configuration list for PBXNativeTarget "DojoiOS" */;
			buildPhases = (
				E43BF62E1AAF3E5500E31AA3 /* Sources */,
				E43BF62F1AAF3E5500E31AA3 /* Frameworks */,
				E43BF6301AAF3E5500E31AA3 /* Resources */,
			);
			buildRules = (
			);
			dependencies = (
			);
			name = DojoiOS;
			productName = DojoiOS;
			productReference = E43BF6321AAF3E5500E31AA3 /* DojoiOS.app */;
			productType = "com.apple.product-type.application";
		};
		E43BF64A1AAF3E5500E31AA3 /* DojoiOSTests */ = {
			isa = PBXNativeTarget;
			buildConfigurationList = E43BF6581AAF3E5500E31AA3 /* Build configuration list for PBXNativeTarget "DojoiOSTests" */;
			buildPhases = (
				E43BF6471AAF3E5500E31AA3 /* Sources */,
				E43BF6481AAF3E5500E31AA3 /* Frameworks */,
				E43BF6491AAF3E5500E31AA3 /* Resources */,
			);
			buildRules = (
			);
			dependencies = (
				E43BF64D1AAF3E5500E31AA3 /* PBXTargetDependency */,
			);
			name = DojoiOSTests;
			productName = DojoiOSTests;
			productReference = E43BF64B1AAF3E5500E31AA3 /* DojoiOSTests.xctest */;
			productType = "com.apple.product-type.bundle.unit-test";
		};
/* End PBXNativeTarget section */

/* Begin PBXProject section */
		E43BF62A1AAF3E5500E31AA3 /* Project object */ = {
			isa = PBXProject;
			attributes = {
				LastUpgradeCheck = 0610;
				ORGANIZATIONNAME = ciandt;
				TargetAttributes = {
					E43BF6311AAF3E5500E31AA3 = {
						CreatedOnToolsVersion = 6.1.1;
					};
					E43BF64A1AAF3E5500E31AA3 = {
						CreatedOnToolsVersion = 6.1.1;
						TestTargetID = E43BF6311AAF3E5500E31AA3;
					};
				};
			};
			buildConfigurationList = E43BF62D1AAF3E5500E31AA3 /* Build configuration list for PBXProject "DojoiOS" */;
			compatibilityVersion = "Xcode 3.2";
			developmentRegion = English;
			hasScannedForEncodings = 0;
			knownRegions = (
				en,
				Base,
				de,
				"en-CA",
				"en-GB",
				"fr-CA",
				it,
				"pt-PT",
				ru,
				fr,
				el,
				es,
				hr,
				nl,
				sl,
			);
			mainGroup = E43BF6291AAF3E5500E31AA3;
			productRefGroup = E43BF6331AAF3E5500E31AA3 /* Products */;
			projectDirPath = "";
			projectRoot = "";
			targets = (
				E43BF6311AAF3E5500E31AA3 /* DojoiOS */,
				E43BF64A1AAF3E5500E31AA3 /* DojoiOSTests */,
			);
		};
/* End PBXProject section */

/* Begin PBXResourcesBuildPhase section */
		E43BF6301AAF3E5500E31AA3 /* Resources */ = {
			isa = PBXResourcesBuildPhase;
			buildActionMask = 2147483647;
			files = (
				E4F53C1C1AC1B426000F7370 /* car-4.jpg in Resources */,
				E4F53C161AC1B426000F7370 /* car-0.jpg in Resources */,
				E43BF6411AAF3E5500E31AA3 /* Main.storyboard in Resources */,
				E472BCC81ADC8CC3005CB47D /* ProgressViewController.xib in Resources */,
				E4F53C1E1AC1B426000F7370 /* car-6.jpg in Resources */,
				E43BF6461AAF3E5500E31AA3 /* LaunchScreen.xib in Resources */,
				E4F53C1D1AC1B426000F7370 /* car-5.jpg in Resources */,
				E43BF6431AAF3E5500E31AA3 /* Images.xcassets in Resources */,
				E4F53C201AC1B426000F7370 /* car-9.jpg in Resources */,
				E4F53C1B1AC1B426000F7370 /* car-3.jpg in Resources */,
				E464FF391ADD6F5200C3A0EE /* Localizable.strings in Resources */,
				E4F53C181AC1B426000F7370 /* car-10.jpg in Resources */,
				E455BE751AD6CF0700019BC1 /* AddBrandViewController.xib in Resources */,
				E4F53C171AC1B426000F7370 /* car-1.jpg in Resources */,
				E4F53C1F1AC1B426000F7370 /* car-7.jpg in Resources */,
				E4F53C191AC1B426000F7370 /* car-11.jpg in Resources */,
				E4F59B501AC1BB4A000F7370 /* Script.sql in Resources */,
				E4F53C1A1AC1B426000F7370 /* car-2.jpg in Resources */,
				E4F53C071AC1B2E6000F7370 /* HomeCustomCell.xib in Resources */,
				E45079111ACDA04C00F60832 /* CarCustomCell.xib in Resources */,
				E40D80621AD3673400B0CADC /* ferrari.png in Resources */,
			);
			runOnlyForDeploymentPostprocessing = 0;
		};
		E43BF6491AAF3E5500E31AA3 /* Resources */ = {
			isa = PBXResourcesBuildPhase;
			buildActionMask = 2147483647;
			files = (
			);
			runOnlyForDeploymentPostprocessing = 0;
		};
/* End PBXResourcesBuildPhase section */

/* Begin PBXSourcesBuildPhase section */
		E43BF62E1AAF3E5500E31AA3 /* Sources */ = {
			isa = PBXSourcesBuildPhase;
			buildActionMask = 2147483647;
			files = (
				E45078FE1ACAECD200F60832 /* Car.m in Sources */,
				E472BCC31ADC8C58005CB47D /* DOProgressView.m in Sources */,
				E472BCDA1ADCB853005CB47D /* DODownload.m in Sources */,
				E40D80651AD42E9200B0CADC /* GesturesViewController.m in Sources */,
				E450790C1ACD8F9900F60832 /* CarsViewController.m in Sources */,
				E45078FB1ACAEC5600F60832 /* Brand.m in Sources */,
				E455BE781AD6D0F400019BC1 /* DOAddBrand.m in Sources */,
				E455BE741AD6CF0700019BC1 /* AddBrandViewController.m in Sources */,
				E45079021ACAED8900F60832 /* BrandAcessor.m in Sources */,
				E43BF6601AAF43D500E31AA3 /* DOLogin.m in Sources */,
				E4F53C061AC1B2E6000F7370 /* HomeCustomCell.m in Sources */,
				E472BCD51ADCB701005CB47D /* DownloadViewController.m in Sources */,
				E45079051ACAED9800F60832 /* CarAcessor.m in Sources */,
				E421D20A1AB8785100FD28D8 /* DOBrandList.m in Sources */,
				E45079091ACAF73500F60832 /* CarService.m in Sources */,
				E43BF63E1AAF3E5500E31AA3 /* LoginViewController.m in Sources */,
				E43BF63B1AAF3E5500E31AA3 /* AppDelegate.m in Sources */,
				E40D80601AD366AA00B0CADC /* DOCar.m in Sources */,
				E45A4D6A1AB1E69B002676B7 /* BrandListViewController.m in Sources */,
				E45079101ACDA04C00F60832 /* CarCustomCell.m in Sources */,
				E43BF6381AAF3E5500E31AA3 /* main.m in Sources */,
				E472BCC71ADC8CC3005CB47D /* ProgressViewController.m in Sources */,
				E4F53C271AC1B90E000F7370 /* DBManager.m in Sources */,
			);
			runOnlyForDeploymentPostprocessing = 0;
		};
		E43BF6471AAF3E5500E31AA3 /* Sources */ = {
			isa = PBXSourcesBuildPhase;
			buildActionMask = 2147483647;
			files = (
				E43BF6521AAF3E5500E31AA3 /* DojoiOSTests.m in Sources */,
			);
			runOnlyForDeploymentPostprocessing = 0;
		};
/* End PBXSourcesBuildPhase section */

/* Begin PBXTargetDependency section */
		E43BF64D1AAF3E5500E31AA3 /* PBXTargetDependency */ = {
			isa = PBXTargetDependency;
			target = E43BF6311AAF3E5500E31AA3 /* DojoiOS */;
			targetProxy = E43BF64C1AAF3E5500E31AA3 /* PBXContainerItemProxy */;
		};
/* End PBXTargetDependency section */

/* Begin PBXVariantGroup section */
		E43BF63F1AAF3E5500E31AA3 /* Main.storyboard */ = {
			isa = PBXVariantGroup;
			children = (
				E43BF6401AAF3E5500E31AA3 /* Base */,
			);
			name = Main.storyboard;
			sourceTree = "<group>";
		};
		E43BF6441AAF3E5500E31AA3 /* LaunchScreen.xib */ = {
			isa = PBXVariantGroup;
			children = (
				E43BF6451AAF3E5500E31AA3 /* Base */,
				E464FF341ADD6DE500C3A0EE /* pt */,
				E464FF361ADD6E9500C3A0EE /* de */,
			);
			name = LaunchScreen.xib;
			sourceTree = "<group>";
		};
		E464FF3B1ADD6F5200C3A0EE /* Localizable.strings */ = {
			isa = PBXVariantGroup;
			children = (
				E464FF3A1ADD6F5200C3A0EE /* de */,
			);
			name = Localizable.strings;
			sourceTree = "<group>";
		};
/* End PBXVariantGroup section */

/* Begin XCBuildConfiguration section */
		E43BF6531AAF3E5500E31AA3 /* Debug */ = {
			isa = XCBuildConfiguration;
			buildSettings = {
				ALWAYS_SEARCH_USER_PATHS = NO;
				CLANG_CXX_LANGUAGE_STANDARD = "gnu++0x";
				CLANG_CXX_LIBRARY = "libc++";
				CLANG_ENABLE_MODULES = YES;
				CLANG_ENABLE_OBJC_ARC = YES;
				CLANG_WARN_BOOL_CONVERSION = YES;
				CLANG_WARN_CONSTANT_CONVERSION = YES;
				CLANG_WARN_DIRECT_OBJC_ISA_USAGE = YES_ERROR;
				CLANG_WARN_EMPTY_BODY = YES;
				CLANG_WARN_ENUM_CONVERSION = YES;
				CLANG_WARN_INT_CONVERSION = YES;
				CLANG_WARN_OBJC_ROOT_CLASS = YES_ERROR;
				CLANG_WARN_UNREACHABLE_CODE = YES;
				CLANG_WARN__DUPLICATE_METHOD_MATCH = YES;
				"CODE_SIGN_IDENTITY[sdk=iphoneos*]" = "iPhone Developer";
				COPY_PHASE_STRIP = NO;
				ENABLE_STRICT_OBJC_MSGSEND = YES;
				GCC_C_LANGUAGE_STANDARD = gnu99;
				GCC_DYNAMIC_NO_PIC = NO;
				GCC_OPTIMIZATION_LEVEL = 0;
				GCC_PREPROCESSOR_DEFINITIONS = (
					"DEBUG=1",
					"$(inherited)",
				);
				GCC_SYMBOLS_PRIVATE_EXTERN = NO;
				GCC_WARN_64_TO_32_BIT_CONVERSION = YES;
				GCC_WARN_ABOUT_RETURN_TYPE = YES_ERROR;
				GCC_WARN_UNDECLARED_SELECTOR = YES;
				GCC_WARN_UNINITIALIZED_AUTOS = YES_AGGRESSIVE;
				GCC_WARN_UNUSED_FUNCTION = YES;
				GCC_WARN_UNUSED_VARIABLE = YES;
				IPHONEOS_DEPLOYMENT_TARGET = 8.1;
				MTL_ENABLE_DEBUG_INFO = YES;
				ONLY_ACTIVE_ARCH = YES;
				SDKROOT = iphoneos;
			};
			name = Debug;
		};
		E43BF6541AAF3E5500E31AA3 /* Release */ = {
			isa = XCBuildConfiguration;
			buildSettings = {
				ALWAYS_SEARCH_USER_PATHS = NO;
				CLANG_CXX_LANGUAGE_STANDARD = "gnu++0x";
				CLANG_CXX_LIBRARY = "libc++";
				CLANG_ENABLE_MODULES = YES;
				CLANG_ENABLE_OBJC_ARC = YES;
				CLANG_WARN_BOOL_CONVERSION = YES;
				CLANG_WARN_CONSTANT_CONVERSION = YES;
				CLANG_WARN_DIRECT_OBJC_ISA_USAGE = YES_ERROR;
				CLANG_WARN_EMPTY_BODY = YES;
				CLANG_WARN_ENUM_CONVERSION = YES;
				CLANG_WARN_INT_CONVERSION = YES;
				CLANG_WARN_OBJC_ROOT_CLASS = YES_ERROR;
				CLANG_WARN_UNREACHABLE_CODE = YES;
				CLANG_WARN__DUPLICATE_METHOD_MATCH = YES;
				"CODE_SIGN_IDENTITY[sdk=iphoneos*]" = "iPhone Developer";
				COPY_PHASE_STRIP = YES;
				ENABLE_NS_ASSERTIONS = NO;
				ENABLE_STRICT_OBJC_MSGSEND = YES;
				GCC_C_LANGUAGE_STANDARD = gnu99;
				GCC_WARN_64_TO_32_BIT_CONVERSION = YES;
				GCC_WARN_ABOUT_RETURN_TYPE = YES_ERROR;
				GCC_WARN_UNDECLARED_SELECTOR = YES;
				GCC_WARN_UNINITIALIZED_AUTOS = YES_AGGRESSIVE;
				GCC_WARN_UNUSED_FUNCTION = YES;
				GCC_WARN_UNUSED_VARIABLE = YES;
				IPHONEOS_DEPLOYMENT_TARGET = 8.1;
				MTL_ENABLE_DEBUG_INFO = NO;
				SDKROOT = iphoneos;
				VALIDATE_PRODUCT = YES;
			};
			name = Release;
		};
		E43BF6561AAF3E5500E31AA3 /* Debug */ = {
			isa = XCBuildConfiguration;
			buildSettings = {
				ASSETCATALOG_COMPILER_APPICON_NAME = AppIcon;
				CODE_SIGN_IDENTITY = "iPhone Developer: Gustavo Barbosa (M4F4X3K8EX)";
				INFOPLIST_FILE = DojoiOS/Info.plist;
				IPHONEOS_DEPLOYMENT_TARGET = 7.0;
				LD_RUNPATH_SEARCH_PATHS = "$(inherited) @executable_path/Frameworks";
				LIBRARY_SEARCH_PATHS = (
					"$(inherited)",
					/Users/gustavob/Desktop/Projetos/1.0.x/Third,
					Party/Google/Analytics,
					/Users/gustavob/Desktop/Projetos/2.0.x/Third,
					Party/Google/Analytics,
					/Users/gustavob/Desktop/Projetos/AnimasPump/PoC/Third,
					Party/Google/Analytics,
					/Users/gustavob/Desktop/Projetos/icd_connection/Third,
					Party/Google/Analytics,
					/Users/gustavob/Desktop/Projetos/mango/Third,
					Party/Google/Analytics,
				);
				PRODUCT_NAME = "$(TARGET_NAME)";
				PROVISIONING_PROFILE = "2535c212-6e2a-449d-86cd-df9345157d0b";
			};
			name = Debug;
		};
		E43BF6571AAF3E5500E31AA3 /* Release */ = {
			isa = XCBuildConfiguration;
			buildSettings = {
				ASSETCATALOG_COMPILER_APPICON_NAME = AppIcon;
				CODE_SIGN_IDENTITY = "iPhone Developer: Gustavo Barbosa (M4F4X3K8EX)";
				INFOPLIST_FILE = DojoiOS/Info.plist;
				IPHONEOS_DEPLOYMENT_TARGET = 7.0;
				LD_RUNPATH_SEARCH_PATHS = "$(inherited) @executable_path/Frameworks";
				LIBRARY_SEARCH_PATHS = (
					"$(inherited)",
					/Users/gustavob/Desktop/Projetos/1.0.x/Third,
					Party/Google/Analytics,
					/Users/gustavob/Desktop/Projetos/2.0.x/Third,
					Party/Google/Analytics,
					/Users/gustavob/Desktop/Projetos/AnimasPump/PoC/Third,
					Party/Google/Analytics,
					/Users/gustavob/Desktop/Projetos/icd_connection/Third,
					Party/Google/Analytics,
					/Users/gustavob/Desktop/Projetos/mango/Third,
					Party/Google/Analytics,
				);
				PRODUCT_NAME = "$(TARGET_NAME)";
				PROVISIONING_PROFILE = "2535c212-6e2a-449d-86cd-df9345157d0b";
			};
			name = Release;
		};
		E43BF6591AAF3E5500E31AA3 /* Debug */ = {
			isa = XCBuildConfiguration;
			buildSettings = {
				BUNDLE_LOADER = "$(TEST_HOST)";
				FRAMEWORK_SEARCH_PATHS = (
					"$(SDKROOT)/Developer/Library/Frameworks",
					"$(inherited)",
				);
				GCC_PREPROCESSOR_DEFINITIONS = (
					"DEBUG=1",
					"$(inherited)",
				);
				INFOPLIST_FILE = DojoiOSTests/Info.plist;
				LD_RUNPATH_SEARCH_PATHS = "$(inherited) @executable_path/Frameworks @loader_path/Frameworks";
				PRODUCT_NAME = "$(TARGET_NAME)";
				TEST_HOST = "$(BUILT_PRODUCTS_DIR)/DojoiOS.app/DojoiOS";
			};
			name = Debug;
		};
		E43BF65A1AAF3E5500E31AA3 /* Release */ = {
			isa = XCBuildConfiguration;
			buildSettings = {
				BUNDLE_LOADER = "$(TEST_HOST)";
				FRAMEWORK_SEARCH_PATHS = (
					"$(SDKROOT)/Developer/Library/Frameworks",
					"$(inherited)",
				);
				INFOPLIST_FILE = DojoiOSTests/Info.plist;
				LD_RUNPATH_SEARCH_PATHS = "$(inherited) @executable_path/Frameworks @loader_path/Frameworks";
				PRODUCT_NAME = "$(TARGET_NAME)";
				TEST_HOST = "$(BUILT_PRODUCTS_DIR)/DojoiOS.app/DojoiOS";
			};
			name = Release;
		};
/* End XCBuildConfiguration section */

/* Begin XCConfigurationList section */
		E43BF62D1AAF3E5500E31AA3 /* Build configuration list for PBXProject "DojoiOS" */ = {
			isa = XCConfigurationList;
			buildConfigurations = (
				E43BF6531AAF3E5500E31AA3 /* Debug */,
				E43BF6541AAF3E5500E31AA3 /* Release */,
			);
			defaultConfigurationIsVisible = 0;
			defaultConfigurationName = Release;
		};
		E43BF6551AAF3E5500E31AA3 /* Build configuration list for PBXNativeTarget "DojoiOS" */ = {
			isa = XCConfigurationList;
			buildConfigurations = (
				E43BF6561AAF3E5500E31AA3 /* Debug */,
				E43BF6571AAF3E5500E31AA3 /* Release */,
			);
			defaultConfigurationIsVisible = 0;
			defaultConfigurationName = Release;
		};
		E43BF6581AAF3E5500E31AA3 /* Build configuration list for PBXNativeTarget "DojoiOSTests" */ = {
			isa = XCConfigurationList;
			buildConfigurations = (
				E43BF6591AAF3E5500E31AA3 /* Debug */,
				E43BF65A1AAF3E5500E31AA3 /* Release */,
			);
			defaultConfigurationIsVisible = 0;
			defaultConfigurationName = Release;
		};
/* End XCConfigurationList section */
	};
	rootObject = E43BF62A1AAF3E5500E31AA3 /* Project object */;
}
